// !$*UTF8*$!
{
	archiveVersion = 1;
	classes = {
	};
	objectVersion = 46;
	objects = {

/* Begin PBXBuildFile section */
		CF0522D619CC72610067D8F2 /* RealWorldChallengesTVC.swift in Sources */ = {isa = PBXBuildFile; fileRef = CF0522D519CC72610067D8F2 /* RealWorldChallengesTVC.swift */; };
		CF05232D19CCB1F10067D8F2 /* Alamofire.framework in Frameworks */ = {isa = PBXBuildFile; fileRef = CF05232A19CCB1DD0067D8F2 /* Alamofire.framework */; };
		CF05232F19CCB2180067D8F2 /* Alamofire.framework in Copy Frameworks */ = {isa = PBXBuildFile; fileRef = CF05232A19CCB1DD0067D8F2 /* Alamofire.framework */; settings = {ATTRIBUTES = (CodeSignOnCopy, RemoveHeadersOnCopy, ); }; };
		CF05233119CCBFF60067D8F2 /* RealWorldChallengeDetailsVC.swift in Sources */ = {isa = PBXBuildFile; fileRef = CF05233019CCBFF60067D8F2 /* RealWorldChallengeDetailsVC.swift */; };
		CF09A3C419CB299D00134B09 /* AppDelegate.swift in Sources */ = {isa = PBXBuildFile; fileRef = CF09A3C319CB299D00134B09 /* AppDelegate.swift */; };
		CF09A3C619CB299E00134B09 /* ViewController.swift in Sources */ = {isa = PBXBuildFile; fileRef = CF09A3C519CB299E00134B09 /* ViewController.swift */; };
		CF09A3C919CB299E00134B09 /* Main.storyboard in Resources */ = {isa = PBXBuildFile; fileRef = CF09A3C719CB299E00134B09 /* Main.storyboard */; };
		CF09A3CB19CB299E00134B09 /* Images.xcassets in Resources */ = {isa = PBXBuildFile; fileRef = CF09A3CA19CB299E00134B09 /* Images.xcassets */; };
		CF09A3CE19CB299E00134B09 /* LaunchScreen.xib in Resources */ = {isa = PBXBuildFile; fileRef = CF09A3CC19CB299E00134B09 /* LaunchScreen.xib */; };
		CF09A3DA19CB299E00134B09 /* GetSwifterTests.swift in Sources */ = {isa = PBXBuildFile; fileRef = CF09A3D919CB299E00134B09 /* GetSwifterTests.swift */; };
		CF09A3E619CB4FD500134B09 /* UIKit.framework in Frameworks */ = {isa = PBXBuildFile; fileRef = CF09A3E519CB4FD500134B09 /* UIKit.framework */; };
		CF09A3E819CB4FE400134B09 /* CoreFoundation.framework in Frameworks */ = {isa = PBXBuildFile; fileRef = CF09A3E719CB4FE400134B09 /* CoreFoundation.framework */; };
		CF12E3EB19CE2A640046CB0F /* CircularProfileView.swift in Sources */ = {isa = PBXBuildFile; fileRef = CF12E3EA19CE2A640046CB0F /* CircularProfileView.swift */; };
		CF397FE119CEE10C00AB4C19 /* appirio-250.png in Resources */ = {isa = PBXBuildFile; fileRef = CF397FDD19CEE10C00AB4C19 /* appirio-250.png */; };
		CF397FE219CEE10C00AB4C19 /* bmc-250.png in Resources */ = {isa = PBXBuildFile; fileRef = CF397FDE19CEE10C00AB4C19 /* bmc-250.png */; };
		CF397FE319CEE10C00AB4C19 /* harman-250.png in Resources */ = {isa = PBXBuildFile; fileRef = CF397FDF19CEE10C00AB4C19 /* harman-250.png */; };
		CF397FE419CEE10C00AB4C19 /* ntti3.png in Resources */ = {isa = PBXBuildFile; fileRef = CF397FE019CEE10C00AB4C19 /* ntti3.png */; };
		CF397FEA19CEE12500AB4C19 /* bah-250.png in Resources */ = {isa = PBXBuildFile; fileRef = CF397FE719CEE12500AB4C19 /* bah-250.png */; };
		CF397FEB19CEE12500AB4C19 /* brivo-labs-250.png in Resources */ = {isa = PBXBuildFile; fileRef = CF397FE819CEE12500AB4C19 /* brivo-labs-250.png */; };
		CF397FEC19CEE12500AB4C19 /* hpidolondemand-logo-250.png in Resources */ = {isa = PBXBuildFile; fileRef = CF397FE919CEE12500AB4C19 /* hpidolondemand-logo-250.png */; };
		CF39800519CF163C00AB4C19 /* ChallengeDetailsTableViewCell.swift in Sources */ = {isa = PBXBuildFile; fileRef = CF39800419CF163C00AB4C19 /* ChallengeDetailsTableViewCell.swift */; };
		CF53027819CE3E5B003ECACC /* QuartzCore.framework in Frameworks */ = {isa = PBXBuildFile; fileRef = CF53027719CE3E5B003ECACC /* QuartzCore.framework */; };
		CF7A281919CDAD7100A5E505 /* FunChallengesTVC.swift in Sources */ = {isa = PBXBuildFile; fileRef = CF7A281819CDAD7100A5E505 /* FunChallengesTVC.swift */; };
		CF7A281F19CDDB0B00A5E505 /* FunChallengeDetailsVC.swift in Sources */ = {isa = PBXBuildFile; fileRef = CF7A281E19CDDB0B00A5E505 /* FunChallengeDetailsVC.swift */; };
		CF7A282119CDFD8400A5E505 /* CompletedChallengeTableViewCell.swift in Sources */ = {isa = PBXBuildFile; fileRef = CF7A282019CDFD8400A5E505 /* CompletedChallengeTableViewCell.swift */; };
		CF7A282319CDFF1E00A5E505 /* CompletedChallengeVC.swift in Sources */ = {isa = PBXBuildFile; fileRef = CF7A282219CDFF1E00A5E505 /* CompletedChallengeVC.swift */; };
		CF81851519CF336E00602FE3 /* Social.framework in Frameworks */ = {isa = PBXBuildFile; fileRef = CF81851419CF336E00602FE3 /* Social.framework */; };
		CF95AA5E19CE175F00F1654B /* SwiftLeaderTableViewCell.swift in Sources */ = {isa = PBXBuildFile; fileRef = CF95AA5D19CE175F00F1654B /* SwiftLeaderTableViewCell.swift */; };
		CF95AA6219CE190900F1654B /* SwiftLeaderBoardTVC.swift in Sources */ = {isa = PBXBuildFile; fileRef = CF95AA6119CE190900F1654B /* SwiftLeaderBoardTVC.swift */; };
		CFC8373E19CEB9D50062E5E3 /* SwiftAlgoLeaderTableViewCell.swift in Sources */ = {isa = PBXBuildFile; fileRef = CFC8373D19CEB9D50062E5E3 /* SwiftAlgoLeaderTableViewCell.swift */; };
		CFC8374219CEBA360062E5E3 /* SwiftAlgoLeaderBoardTVC.swift in Sources */ = {isa = PBXBuildFile; fileRef = CFC8374119CEBA360062E5E3 /* SwiftAlgoLeaderBoardTVC.swift */; };
/* End PBXBuildFile section */

/* Begin PBXContainerItemProxy section */
		CF05232919CCB1DD0067D8F2 /* PBXContainerItemProxy */ = {
			isa = PBXContainerItemProxy;
			containerPortal = CF05232419CCB1DD0067D8F2 /* Alamofire.xcodeproj */;
			proxyType = 2;
			remoteGlobalIDString = F8111E3319A95C8B0040E7D1;
			remoteInfo = Alamofire;
		};
		CF05232B19CCB1DD0067D8F2 /* PBXContainerItemProxy */ = {
			isa = PBXContainerItemProxy;
			containerPortal = CF05232419CCB1DD0067D8F2 /* Alamofire.xcodeproj */;
			proxyType = 2;
			remoteGlobalIDString = F8111E3E19A95C8B0040E7D1;
			remoteInfo = AlamofireTests;
		};
		CF09A3D419CB299E00134B09 /* PBXContainerItemProxy */ = {
			isa = PBXContainerItemProxy;
			containerPortal = CF09A3B619CB299D00134B09 /* Project object */;
			proxyType = 1;
			remoteGlobalIDString = CF09A3BD19CB299D00134B09;
			remoteInfo = GetSwifter;
		};
/* End PBXContainerItemProxy section */

/* Begin PBXCopyFilesBuildPhase section */
		CF05232E19CCB1FD0067D8F2 /* Copy Frameworks */ = {
			isa = PBXCopyFilesBuildPhase;
			buildActionMask = 2147483647;
			dstPath = "";
			dstSubfolderSpec = 10;
			files = (
				CF05232F19CCB2180067D8F2 /* Alamofire.framework in Copy Frameworks */,
			);
			name = "Copy Frameworks";
			runOnlyForDeploymentPostprocessing = 0;
		};
/* End PBXCopyFilesBuildPhase section */

/* Begin PBXFileReference section */
		CF0522D519CC72610067D8F2 /* RealWorldChallengesTVC.swift */ = {isa = PBXFileReference; fileEncoding = 4; lastKnownFileType = sourcecode.swift; name = RealWorldChallengesTVC.swift; path = ../RealWorldChallengesTVC.swift; sourceTree = "<group>"; };
		CF05232419CCB1DD0067D8F2 /* Alamofire.xcodeproj */ = {isa = PBXFileReference; lastKnownFileType = "wrapper.pb-project"; name = Alamofire.xcodeproj; path = Alamofire/Alamofire.xcodeproj; sourceTree = "<group>"; };
		CF05233019CCBFF60067D8F2 /* RealWorldChallengeDetailsVC.swift */ = {isa = PBXFileReference; fileEncoding = 4; lastKnownFileType = sourcecode.swift; path = RealWorldChallengeDetailsVC.swift; sourceTree = "<group>"; };
		CF09A3BE19CB299D00134B09 /* GetSwifter.app */ = {isa = PBXFileReference; explicitFileType = wrapper.application; includeInIndex = 0; path = GetSwifter.app; sourceTree = BUILT_PRODUCTS_DIR; };
		CF09A3C219CB299D00134B09 /* Info.plist */ = {isa = PBXFileReference; lastKnownFileType = text.plist.xml; path = Info.plist; sourceTree = "<group>"; };
		CF09A3C319CB299D00134B09 /* AppDelegate.swift */ = {isa = PBXFileReference; lastKnownFileType = sourcecode.swift; path = AppDelegate.swift; sourceTree = "<group>"; };
		CF09A3C519CB299E00134B09 /* ViewController.swift */ = {isa = PBXFileReference; lastKnownFileType = sourcecode.swift; path = ViewController.swift; sourceTree = "<group>"; };
		CF09A3C819CB299E00134B09 /* Base */ = {isa = PBXFileReference; lastKnownFileType = file.storyboard; name = Base; path = Base.lproj/Main.storyboard; sourceTree = "<group>"; };
		CF09A3CA19CB299E00134B09 /* Images.xcassets */ = {isa = PBXFileReference; lastKnownFileType = folder.assetcatalog; path = Images.xcassets; sourceTree = "<group>"; };
		CF09A3CD19CB299E00134B09 /* Base */ = {isa = PBXFileReference; lastKnownFileType = file.xib; name = Base; path = Base.lproj/LaunchScreen.xib; sourceTree = "<group>"; };
		CF09A3D319CB299E00134B09 /* GetSwifterTests.xctest */ = {isa = PBXFileReference; explicitFileType = wrapper.cfbundle; includeInIndex = 0; path = GetSwifterTests.xctest; sourceTree = BUILT_PRODUCTS_DIR; };
		CF09A3D819CB299E00134B09 /* Info.plist */ = {isa = PBXFileReference; lastKnownFileType = text.plist.xml; path = Info.plist; sourceTree = "<group>"; };
		CF09A3D919CB299E00134B09 /* GetSwifterTests.swift */ = {isa = PBXFileReference; lastKnownFileType = sourcecode.swift; path = GetSwifterTests.swift; sourceTree = "<group>"; };
		CF09A3E519CB4FD500134B09 /* UIKit.framework */ = {isa = PBXFileReference; lastKnownFileType = wrapper.framework; name = UIKit.framework; path = System/Library/Frameworks/UIKit.framework; sourceTree = SDKROOT; };
		CF09A3E719CB4FE400134B09 /* CoreFoundation.framework */ = {isa = PBXFileReference; lastKnownFileType = wrapper.framework; name = CoreFoundation.framework; path = System/Library/Frameworks/CoreFoundation.framework; sourceTree = SDKROOT; };
		CF12E3EA19CE2A640046CB0F /* CircularProfileView.swift */ = {isa = PBXFileReference; fileEncoding = 4; lastKnownFileType = sourcecode.swift; path = CircularProfileView.swift; sourceTree = "<group>"; };
		CF397FDD19CEE10C00AB4C19 /* appirio-250.png */ = {isa = PBXFileReference; lastKnownFileType = image.png; name = "appirio-250.png"; path = "Alamofire/appirio-250.png"; sourceTree = "<group>"; };
		CF397FDE19CEE10C00AB4C19 /* bmc-250.png */ = {isa = PBXFileReference; lastKnownFileType = image.png; name = "bmc-250.png"; path = "Alamofire/bmc-250.png"; sourceTree = "<group>"; };
		CF397FDF19CEE10C00AB4C19 /* harman-250.png */ = {isa = PBXFileReference; lastKnownFileType = image.png; name = "harman-250.png"; path = "Alamofire/harman-250.png"; sourceTree = "<group>"; };
		CF397FE019CEE10C00AB4C19 /* ntti3.png */ = {isa = PBXFileReference; lastKnownFileType = image.png; name = ntti3.png; path = Alamofire/ntti3.png; sourceTree = "<group>"; };
		CF397FE719CEE12500AB4C19 /* bah-250.png */ = {isa = PBXFileReference; lastKnownFileType = image.png; path = "bah-250.png"; sourceTree = "<group>"; };
		CF397FE819CEE12500AB4C19 /* brivo-labs-250.png */ = {isa = PBXFileReference; lastKnownFileType = image.png; path = "brivo-labs-250.png"; sourceTree = "<group>"; };
		CF397FE919CEE12500AB4C19 /* hpidolondemand-logo-250.png */ = {isa = PBXFileReference; lastKnownFileType = image.png; path = "hpidolondemand-logo-250.png"; sourceTree = "<group>"; };
		CF39800419CF163C00AB4C19 /* ChallengeDetailsTableViewCell.swift */ = {isa = PBXFileReference; fileEncoding = 4; lastKnownFileType = sourcecode.swift; path = ChallengeDetailsTableViewCell.swift; sourceTree = "<group>"; };
		CF53027719CE3E5B003ECACC /* QuartzCore.framework */ = {isa = PBXFileReference; lastKnownFileType = wrapper.framework; name = QuartzCore.framework; path = System/Library/Frameworks/QuartzCore.framework; sourceTree = SDKROOT; };
		CF7A281819CDAD7100A5E505 /* FunChallengesTVC.swift */ = {isa = PBXFileReference; fileEncoding = 4; lastKnownFileType = sourcecode.swift; path = FunChallengesTVC.swift; sourceTree = "<group>"; };
		CF7A281E19CDDB0B00A5E505 /* FunChallengeDetailsVC.swift */ = {isa = PBXFileReference; fileEncoding = 4; lastKnownFileType = sourcecode.swift; name = FunChallengeDetailsVC.swift; path = ../FunChallengeDetailsVC.swift; sourceTree = "<group>"; };
		CF7A282019CDFD8400A5E505 /* CompletedChallengeTableViewCell.swift */ = {isa = PBXFileReference; fileEncoding = 4; lastKnownFileType = sourcecode.swift; path = CompletedChallengeTableViewCell.swift; sourceTree = "<group>"; };
		CF7A282219CDFF1E00A5E505 /* CompletedChallengeVC.swift */ = {isa = PBXFileReference; fileEncoding = 4; lastKnownFileType = sourcecode.swift; path = CompletedChallengeVC.swift; sourceTree = "<group>"; };
		CF81851419CF336E00602FE3 /* Social.framework */ = {isa = PBXFileReference; lastKnownFileType = wrapper.framework; name = Social.framework; path = System/Library/Frameworks/Social.framework; sourceTree = SDKROOT; };
		CF95AA5D19CE175F00F1654B /* SwiftLeaderTableViewCell.swift */ = {isa = PBXFileReference; fileEncoding = 4; lastKnownFileType = sourcecode.swift; path = SwiftLeaderTableViewCell.swift; sourceTree = "<group>"; };
		CF95AA6119CE190900F1654B /* SwiftLeaderBoardTVC.swift */ = {isa = PBXFileReference; fileEncoding = 4; lastKnownFileType = sourcecode.swift; path = SwiftLeaderBoardTVC.swift; sourceTree = "<group>"; };
		CFC8373D19CEB9D50062E5E3 /* SwiftAlgoLeaderTableViewCell.swift */ = {isa = PBXFileReference; fileEncoding = 4; lastKnownFileType = sourcecode.swift; path = SwiftAlgoLeaderTableViewCell.swift; sourceTree = "<group>"; };
		CFC8374119CEBA360062E5E3 /* SwiftAlgoLeaderBoardTVC.swift */ = {isa = PBXFileReference; fileEncoding = 4; lastKnownFileType = sourcecode.swift; path = SwiftAlgoLeaderBoardTVC.swift; sourceTree = "<group>"; };
/* End PBXFileReference section */

/* Begin PBXFrameworksBuildPhase section */
		CF09A3BB19CB299D00134B09 /* Frameworks */ = {
			isa = PBXFrameworksBuildPhase;
			buildActionMask = 2147483647;
			files = (
				CF81851519CF336E00602FE3 /* Social.framework in Frameworks */,
				CF53027819CE3E5B003ECACC /* QuartzCore.framework in Frameworks */,
				CF05232D19CCB1F10067D8F2 /* Alamofire.framework in Frameworks */,
				CF09A3E819CB4FE400134B09 /* CoreFoundation.framework in Frameworks */,
				CF09A3E619CB4FD500134B09 /* UIKit.framework in Frameworks */,
			);
			runOnlyForDeploymentPostprocessing = 0;
		};
		CF09A3D019CB299E00134B09 /* Frameworks */ = {
			isa = PBXFrameworksBuildPhase;
			buildActionMask = 2147483647;
			files = (
			);
			runOnlyForDeploymentPostprocessing = 0;
		};
/* End PBXFrameworksBuildPhase section */

/* Begin PBXGroup section */
		CF05232519CCB1DD0067D8F2 /* Products */ = {
			isa = PBXGroup;
			children = (
				CF05232A19CCB1DD0067D8F2 /* Alamofire.framework */,
				CF05232C19CCB1DD0067D8F2 /* AlamofireTests.xctest */,
			);
			name = Products;
			sourceTree = "<group>";
		};
		CF09A3B519CB299D00134B09 = {
			isa = PBXGroup;
			children = (
				CF81851419CF336E00602FE3 /* Social.framework */,
				CF397FED19CEE12F00AB4C19 /* SponsersImages */,
				CF53027719CE3E5B003ECACC /* QuartzCore.framework */,
				CF09A3E719CB4FE400134B09 /* CoreFoundation.framework */,
				CF09A3E519CB4FD500134B09 /* UIKit.framework */,
				CF09A3C019CB299D00134B09 /* GetSwifter */,
				CF09A3D619CB299E00134B09 /* GetSwifterTests */,
				CF09A3BF19CB299D00134B09 /* Products */,
				CF05232419CCB1DD0067D8F2 /* Alamofire.xcodeproj */,
			);
			sourceTree = "<group>";
		};
		CF09A3BF19CB299D00134B09 /* Products */ = {
			isa = PBXGroup;
			children = (
				CF09A3BE19CB299D00134B09 /* GetSwifter.app */,
				CF09A3D319CB299E00134B09 /* GetSwifterTests.xctest */,
			);
			name = Products;
			sourceTree = "<group>";
		};
		CF09A3C019CB299D00134B09 /* GetSwifter */ = {
			isa = PBXGroup;
			children = (
				CF12E3EA19CE2A640046CB0F /* CircularProfileView.swift */,
				CF95AA6119CE190900F1654B /* SwiftLeaderBoardTVC.swift */,
				CFC8374119CEBA360062E5E3 /* SwiftAlgoLeaderBoardTVC.swift */,
				CF7A282219CDFF1E00A5E505 /* CompletedChallengeVC.swift */,
				CF7A281E19CDDB0B00A5E505 /* FunChallengeDetailsVC.swift */,
				CF0522D519CC72610067D8F2 /* RealWorldChallengesTVC.swift */,
				CF7A281819CDAD7100A5E505 /* FunChallengesTVC.swift */,
				CF09A3C319CB299D00134B09 /* AppDelegate.swift */,
				CF09A3C519CB299E00134B09 /* ViewController.swift */,
				CF09A3C719CB299E00134B09 /* Main.storyboard */,
				CF39800419CF163C00AB4C19 /* ChallengeDetailsTableViewCell.swift */,
				CF95AA5D19CE175F00F1654B /* SwiftLeaderTableViewCell.swift */,
				CFC8373D19CEB9D50062E5E3 /* SwiftAlgoLeaderTableViewCell.swift */,
				CF7A282019CDFD8400A5E505 /* CompletedChallengeTableViewCell.swift */,
				CF05233019CCBFF60067D8F2 /* RealWorldChallengeDetailsVC.swift */,
				CF09A3CA19CB299E00134B09 /* Images.xcassets */,
				CF09A3CC19CB299E00134B09 /* LaunchScreen.xib */,
				CF09A3C119CB299D00134B09 /* Supporting Files */,
			);
			path = GetSwifter;
			sourceTree = "<group>";
		};
		CF09A3C119CB299D00134B09 /* Supporting Files */ = {
			isa = PBXGroup;
			children = (
				CF09A3C219CB299D00134B09 /* Info.plist */,
			);
			name = "Supporting Files";
			sourceTree = "<group>";
		};
		CF09A3D619CB299E00134B09 /* GetSwifterTests */ = {
			isa = PBXGroup;
			children = (
				CF09A3D919CB299E00134B09 /* GetSwifterTests.swift */,
				CF09A3D719CB299E00134B09 /* Supporting Files */,
			);
			path = GetSwifterTests;
			sourceTree = "<group>";
		};
		CF09A3D719CB299E00134B09 /* Supporting Files */ = {
			isa = PBXGroup;
			children = (
				CF09A3D819CB299E00134B09 /* Info.plist */,
			);
			name = "Supporting Files";
			sourceTree = "<group>";
		};
		CF397FED19CEE12F00AB4C19 /* SponsersImages */ = {
			isa = PBXGroup;
			children = (
				CF397FDD19CEE10C00AB4C19 /* appirio-250.png */,
				CF397FE719CEE12500AB4C19 /* bah-250.png */,
				CF397FE819CEE12500AB4C19 /* brivo-labs-250.png */,
				CF397FE919CEE12500AB4C19 /* hpidolondemand-logo-250.png */,
				CF397FDE19CEE10C00AB4C19 /* bmc-250.png */,
				CF397FDF19CEE10C00AB4C19 /* harman-250.png */,
				CF397FE019CEE10C00AB4C19 /* ntti3.png */,
			);
			name = SponsersImages;
			sourceTree = "<group>";
		};
/* End PBXGroup section */

/* Begin PBXNativeTarget section */
		CF09A3BD19CB299D00134B09 /* GetSwifter */ = {
			isa = PBXNativeTarget;
			buildConfigurationList = CF09A3DD19CB299E00134B09 /* Build configuration list for PBXNativeTarget "GetSwifter" */;
			buildPhases = (
				CF09A3BA19CB299D00134B09 /* Sources */,
				CF09A3BB19CB299D00134B09 /* Frameworks */,
				CF09A3BC19CB299D00134B09 /* Resources */,
				CF05232E19CCB1FD0067D8F2 /* Copy Frameworks */,
			);
			buildRules = (
			);
			dependencies = (
			);
			name = GetSwifter;
			productName = GetSwifter;
			productReference = CF09A3BE19CB299D00134B09 /* GetSwifter.app */;
			productType = "com.apple.product-type.application";
		};
		CF09A3D219CB299E00134B09 /* GetSwifterTests */ = {
			isa = PBXNativeTarget;
			buildConfigurationList = CF09A3E019CB299E00134B09 /* Build configuration list for PBXNativeTarget "GetSwifterTests" */;
			buildPhases = (
				CF09A3CF19CB299E00134B09 /* Sources */,
				CF09A3D019CB299E00134B09 /* Frameworks */,
				CF09A3D119CB299E00134B09 /* Resources */,
			);
			buildRules = (
			);
			dependencies = (
				CF09A3D519CB299E00134B09 /* PBXTargetDependency */,
			);
			name = GetSwifterTests;
			productName = GetSwifterTests;
			productReference = CF09A3D319CB299E00134B09 /* GetSwifterTests.xctest */;
			productType = "com.apple.product-type.bundle.unit-test";
		};
/* End PBXNativeTarget section */

/* Begin PBXProject section */
		CF09A3B619CB299D00134B09 /* Project object */ = {
			isa = PBXProject;
			attributes = {
				LastUpgradeCheck = 0600;
				ORGANIZATIONNAME = "Vivek Pandya";
				TargetAttributes = {
					CF09A3BD19CB299D00134B09 = {
						CreatedOnToolsVersion = 6.1;
					};
					CF09A3D219CB299E00134B09 = {
						CreatedOnToolsVersion = 6.1;
						TestTargetID = CF09A3BD19CB299D00134B09;
					};
				};
			};
			buildConfigurationList = CF09A3B919CB299D00134B09 /* Build configuration list for PBXProject "GetSwifter" */;
			compatibilityVersion = "Xcode 3.2";
			developmentRegion = English;
			hasScannedForEncodings = 0;
			knownRegions = (
				en,
				Base,
			);
			mainGroup = CF09A3B519CB299D00134B09;
			productRefGroup = CF09A3BF19CB299D00134B09 /* Products */;
			projectDirPath = "";
			projectReferences = (
				{
					ProductGroup = CF05232519CCB1DD0067D8F2 /* Products */;
					ProjectRef = CF05232419CCB1DD0067D8F2 /* Alamofire.xcodeproj */;
				},
			);
			projectRoot = "";
			targets = (
				CF09A3BD19CB299D00134B09 /* GetSwifter */,
				CF09A3D219CB299E00134B09 /* GetSwifterTests */,
			);
		};
/* End PBXProject section */

/* Begin PBXReferenceProxy section */
		CF05232A19CCB1DD0067D8F2 /* Alamofire.framework */ = {
			isa = PBXReferenceProxy;
			fileType = wrapper.framework;
			path = Alamofire.framework;
			remoteRef = CF05232919CCB1DD0067D8F2 /* PBXContainerItemProxy */;
			sourceTree = BUILT_PRODUCTS_DIR;
		};
		CF05232C19CCB1DD0067D8F2 /* AlamofireTests.xctest */ = {
			isa = PBXReferenceProxy;
			fileType = wrapper.cfbundle;
			path = AlamofireTests.xctest;
			remoteRef = CF05232B19CCB1DD0067D8F2 /* PBXContainerItemProxy */;
			sourceTree = BUILT_PRODUCTS_DIR;
		};
/* End PBXReferenceProxy section */

/* Begin PBXResourcesBuildPhase section */
		CF09A3BC19CB299D00134B09 /* Resources */ = {
			isa = PBXResourcesBuildPhase;
			buildActionMask = 2147483647;
			files = (
				CF397FEC19CEE12500AB4C19 /* hpidolondemand-logo-250.png in Resources */,
				CF397FEB19CEE12500AB4C19 /* brivo-labs-250.png in Resources */,
				CF397FE219CEE10C00AB4C19 /* bmc-250.png in Resources */,
				CF09A3C919CB299E00134B09 /* Main.storyboard in Resources */,
				CF397FE319CEE10C00AB4C19 /* harman-250.png in Resources */,
				CF397FE419CEE10C00AB4C19 /* ntti3.png in Resources */,
				CF09A3CE19CB299E00134B09 /* LaunchScreen.xib in Resources */,
				CF397FEA19CEE12500AB4C19 /* bah-250.png in Resources */,
				CF397FE119CEE10C00AB4C19 /* appirio-250.png in Resources */,
				CF09A3CB19CB299E00134B09 /* Images.xcassets in Resources */,
			);
			runOnlyForDeploymentPostprocessing = 0;
		};
		CF09A3D119CB299E00134B09 /* Resources */ = {
			isa = PBXResourcesBuildPhase;
			buildActionMask = 2147483647;
			files = (
			);
			runOnlyForDeploymentPostprocessing = 0;
		};
/* End PBXResourcesBuildPhase section */

/* Begin PBXSourcesBuildPhase section */
		CF09A3BA19CB299D00134B09 /* Sources */ = {
			isa = PBXSourcesBuildPhase;
			buildActionMask = 2147483647;
			files = (
				CF95AA5E19CE175F00F1654B /* SwiftLeaderTableViewCell.swift in Sources */,
				CF09A3C619CB299E00134B09 /* ViewController.swift in Sources */,
				CF39800519CF163C00AB4C19 /* ChallengeDetailsTableViewCell.swift in Sources */,
				CF7A281F19CDDB0B00A5E505 /* FunChallengeDetailsVC.swift in Sources */,
				CF12E3EB19CE2A640046CB0F /* CircularProfileView.swift in Sources */,
				CF7A281919CDAD7100A5E505 /* FunChallengesTVC.swift in Sources */,
				CF09A3C419CB299D00134B09 /* AppDelegate.swift in Sources */,
				CF7A282119CDFD8400A5E505 /* CompletedChallengeTableViewCell.swift in Sources */,
				CFC8374219CEBA360062E5E3 /* SwiftAlgoLeaderBoardTVC.swift in Sources */,
				CF05233119CCBFF60067D8F2 /* RealWorldChallengeDetailsVC.swift in Sources */,
				CF95AA6219CE190900F1654B /* SwiftLeaderBoardTVC.swift in Sources */,
				CFC8373E19CEB9D50062E5E3 /* SwiftAlgoLeaderTableViewCell.swift in Sources */,
				CF7A282319CDFF1E00A5E505 /* CompletedChallengeVC.swift in Sources */,
				CF0522D619CC72610067D8F2 /* RealWorldChallengesTVC.swift in Sources */,
			);
			runOnlyForDeploymentPostprocessing = 0;
		};
		CF09A3CF19CB299E00134B09 /* Sources */ = {
			isa = PBXSourcesBuildPhase;
			buildActionMask = 2147483647;
			files = (
				CF09A3DA19CB299E00134B09 /* GetSwifterTests.swift in Sources */,
			);
			runOnlyForDeploymentPostprocessing = 0;
		};
/* End PBXSourcesBuildPhase section */

/* Begin PBXTargetDependency section */
		CF09A3D519CB299E00134B09 /* PBXTargetDependency */ = {
			isa = PBXTargetDependency;
			target = CF09A3BD19CB299D00134B09 /* GetSwifter */;
			targetProxy = CF09A3D419CB299E00134B09 /* PBXContainerItemProxy */;
		};
/* End PBXTargetDependency section */

/* Begin PBXVariantGroup section */
		CF09A3C719CB299E00134B09 /* Main.storyboard */ = {
			isa = PBXVariantGroup;
			children = (
				CF09A3C819CB299E00134B09 /* Base */,
			);
			name = Main.storyboard;
			sourceTree = "<group>";
		};
		CF09A3CC19CB299E00134B09 /* LaunchScreen.xib */ = {
			isa = PBXVariantGroup;
			children = (
				CF09A3CD19CB299E00134B09 /* Base */,
			);
			name = LaunchScreen.xib;
			sourceTree = "<group>";
		};
/* End PBXVariantGroup section */

/* Begin XCBuildConfiguration section */
		CF09A3DB19CB299E00134B09 /* Debug */ = {
			isa = XCBuildConfiguration;
			buildSettings = {
				ALWAYS_SEARCH_USER_PATHS = NO;
				CLANG_CXX_LANGUAGE_STANDARD = "gnu++0x";
				CLANG_CXX_LIBRARY = "libc++";
				CLANG_ENABLE_MODULES = YES;
				CLANG_ENABLE_OBJC_ARC = YES;
				CLANG_WARN_BOOL_CONVERSION = YES;
				CLANG_WARN_CONSTANT_CONVERSION = YES;
				CLANG_WARN_DIRECT_OBJC_ISA_USAGE = YES_ERROR;
				CLANG_WARN_EMPTY_BODY = YES;
				CLANG_WARN_ENUM_CONVERSION = YES;
				CLANG_WARN_INT_CONVERSION = YES;
				CLANG_WARN_OBJC_ROOT_CLASS = YES_ERROR;
				CLANG_WARN_UNREACHABLE_CODE = YES;
				CLANG_WARN__DUPLICATE_METHOD_MATCH = YES;
				"CODE_SIGN_IDENTITY[sdk=iphoneos*]" = "iPhone Developer";
				COPY_PHASE_STRIP = NO;
				ENABLE_STRICT_OBJC_MSGSEND = YES;
				GCC_C_LANGUAGE_STANDARD = gnu99;
				GCC_DYNAMIC_NO_PIC = NO;
				GCC_OPTIMIZATION_LEVEL = 0;
				GCC_PREPROCESSOR_DEFINITIONS = (
					"DEBUG=1",
					"$(inherited)",
				);
				GCC_SYMBOLS_PRIVATE_EXTERN = NO;
				GCC_WARN_64_TO_32_BIT_CONVERSION = YES;
				GCC_WARN_ABOUT_RETURN_TYPE = YES_ERROR;
				GCC_WARN_UNDECLARED_SELECTOR = YES;
				GCC_WARN_UNINITIALIZED_AUTOS = YES_AGGRESSIVE;
				GCC_WARN_UNUSED_FUNCTION = YES;
				GCC_WARN_UNUSED_VARIABLE = YES;
				IPHONEOS_DEPLOYMENT_TARGET = 8.0;
				MTL_ENABLE_DEBUG_INFO = YES;
				ONLY_ACTIVE_ARCH = YES;
				SDKROOT = iphoneos;
				SWIFT_OPTIMIZATION_LEVEL = "-Onone";
				TARGETED_DEVICE_FAMILY = "1,2";
			};
			name = Debug;
		};
		CF09A3DC19CB299E00134B09 /* Release */ = {
			isa = XCBuildConfiguration;
			buildSettings = {
				ALWAYS_SEARCH_USER_PATHS = NO;
				CLANG_CXX_LANGUAGE_STANDARD = "gnu++0x";
				CLANG_CXX_LIBRARY = "libc++";
				CLANG_ENABLE_MODULES = YES;
				CLANG_ENABLE_OBJC_ARC = YES;
				CLANG_WARN_BOOL_CONVERSION = YES;
				CLANG_WARN_CONSTANT_CONVERSION = YES;
				CLANG_WARN_DIRECT_OBJC_ISA_USAGE = YES_ERROR;
				CLANG_WARN_EMPTY_BODY = YES;
				CLANG_WARN_ENUM_CONVERSION = YES;
				CLANG_WARN_INT_CONVERSION = YES;
				CLANG_WARN_OBJC_ROOT_CLASS = YES_ERROR;
				CLANG_WARN_UNREACHABLE_CODE = YES;
				CLANG_WARN__DUPLICATE_METHOD_MATCH = YES;
				"CODE_SIGN_IDENTITY[sdk=iphoneos*]" = "iPhone Developer";
				COPY_PHASE_STRIP = YES;
				ENABLE_NS_ASSERTIONS = NO;
				ENABLE_STRICT_OBJC_MSGSEND = YES;
				GCC_C_LANGUAGE_STANDARD = gnu99;
				GCC_WARN_64_TO_32_BIT_CONVERSION = YES;
				GCC_WARN_ABOUT_RETURN_TYPE = YES_ERROR;
				GCC_WARN_UNDECLARED_SELECTOR = YES;
				GCC_WARN_UNINITIALIZED_AUTOS = YES_AGGRESSIVE;
				GCC_WARN_UNUSED_FUNCTION = YES;
				GCC_WARN_UNUSED_VARIABLE = YES;
				IPHONEOS_DEPLOYMENT_TARGET = 8.0;
				MTL_ENABLE_DEBUG_INFO = NO;
				SDKROOT = iphoneos;
				TARGETED_DEVICE_FAMILY = "1,2";
				VALIDATE_PRODUCT = YES;
			};
			name = Release;
		};
		CF09A3DE19CB299E00134B09 /* Debug */ = {
			isa = XCBuildConfiguration;
			buildSettings = {
				ASSETCATALOG_COMPILER_APPICON_NAME = AppIcon;
				INFOPLIST_FILE = GetSwifter/Info.plist;
				LD_RUNPATH_SEARCH_PATHS = "$(inherited) @executable_path/Frameworks";
				PRODUCT_NAME = "$(TARGET_NAME)";
				TARGETED_DEVICE_FAMILY = "1,2";
			};
			name = Debug;
		};
		CF09A3DF19CB299E00134B09 /* Release */ = {
			isa = XCBuildConfiguration;
			buildSettings = {
				ASSETCATALOG_COMPILER_APPICON_NAME = AppIcon;
				INFOPLIST_FILE = GetSwifter/Info.plist;
				LD_RUNPATH_SEARCH_PATHS = "$(inherited) @executable_path/Frameworks";
				PRODUCT_NAME = "$(TARGET_NAME)";
				TARGETED_DEVICE_FAMILY = "1,2";
			};
			name = Release;
		};
		CF09A3E119CB299E00134B09 /* Debug */ = {
			isa = XCBuildConfiguration;
			buildSettings = {
				BUNDLE_LOADER = "$(TEST_HOST)";
				FRAMEWORK_SEARCH_PATHS = (
					"$(SDKROOT)/Developer/Library/Frameworks",
					"$(inherited)",
				);
				GCC_PREPROCESSOR_DEFINITIONS = (
					"DEBUG=1",
					"$(inherited)",
				);
				INFOPLIST_FILE = GetSwifterTests/Info.plist;
				LD_RUNPATH_SEARCH_PATHS = "$(inherited) @executable_path/Frameworks @loader_path/Frameworks";
				PRODUCT_NAME = "$(TARGET_NAME)";
				TEST_HOST = "$(BUILT_PRODUCTS_DIR)/GetSwifter.app/GetSwifter";
			};
			name = Debug;
		};
		CF09A3E219CB299E00134B09 /* Release */ = {
			isa = XCBuildConfiguration;
			buildSettings = {
				BUNDLE_LOADER = "$(TEST_HOST)";
				FRAMEWORK_SEARCH_PATHS = (
					"$(SDKROOT)/Developer/Library/Frameworks",
					"$(inherited)",
				);
				INFOPLIST_FILE = GetSwifterTests/Info.plist;
				LD_RUNPATH_SEARCH_PATHS = "$(inherited) @executable_path/Frameworks @loader_path/Frameworks";
				PRODUCT_NAME = "$(TARGET_NAME)";
				TEST_HOST = "$(BUILT_PRODUCTS_DIR)/GetSwifter.app/GetSwifter";
			};
			name = Release;
		};
/* End XCBuildConfiguration section */

/* Begin XCConfigurationList section */
		CF09A3B919CB299D00134B09 /* Build configuration list for PBXProject "GetSwifter" */ = {
			isa = XCConfigurationList;
			buildConfigurations = (
				CF09A3DB19CB299E00134B09 /* Debug */,
				CF09A3DC19CB299E00134B09 /* Release */,
			);
			defaultConfigurationIsVisible = 0;
			defaultConfigurationName = Release;
		};
		CF09A3DD19CB299E00134B09 /* Build configuration list for PBXNativeTarget "GetSwifter" */ = {
			isa = XCConfigurationList;
			buildConfigurations = (
				CF09A3DE19CB299E00134B09 /* Debug */,
				CF09A3DF19CB299E00134B09 /* Release */,
			);
			defaultConfigurationIsVisible = 0;
			defaultConfigurationName = Release;
		};
		CF09A3E019CB299E00134B09 /* Build configuration list for PBXNativeTarget "GetSwifterTests" */ = {
			isa = XCConfigurationList;
			buildConfigurations = (
				CF09A3E119CB299E00134B09 /* Debug */,
				CF09A3E219CB299E00134B09 /* Release */,
			);
			defaultConfigurationIsVisible = 0;
			defaultConfigurationName = Release;
		};
/* End XCConfigurationList section */
	};
	rootObject = CF09A3B619CB299D00134B09 /* Project object */;
}
